
Microsoft Visual Studio Solution File, Format Version 12.00
# Visual Studio Version 17
VisualStudioVersion = 17.5.002.0
MinimumVisualStudioVersion = 10.0.40219.1
Project("{9A19103F-16F7-4668-BE54-9A1E7A4F7556}") = "DesafioPOO", "DesafioPOO.csproj", "{145F2E6B-89FD-4FCF-A030-8ED0B76361B2}"
EndProject
Global
	GlobalSection(SolutionConfigurationPlatforms) = preSolution
		Debug|Any CPU = Debug|Any CPU
		Release|Any CPU = Release|Any CPU
	EndGlobalSection
	GlobalSection(ProjectConfigurationPlatforms) = postSolution
		{145F2E6B-89FD-4FCF-A030-8ED0B76361B2}.Debug|Any CPU.ActiveCfg = Debug|Any CPU
		{145F2E6B-89FD-4FCF-A030-8ED0B76361B2}.Debug|Any CPU.Build.0 = Debug|Any CPU
		{145F2E6B-89FD-4FCF-A030-8ED0B76361B2}.Release|Any CPU.ActiveCfg = Release|Any CPU
		{145F2E6B-89FD-4FCF-A030-8ED0B76361B2}.Release|Any CPU.Build.0 = Release|Any CPU
	EndGlobalSection
	GlobalSection(SolutionProperties) = preSolution
		HideSolutionNode = FALSE
	EndGlobalSection
	GlobalSection(ExtensibilityGlobals) = postSolution
		SolutionGuid = {A783C8A6-A6B9-44E4-8A97-013E3614ADB5}
	EndGlobalSection
EndGlobal
